
Microsoft Visual Studio Solution File, Format Version 12.00
# Visual Studio Version 16
VisualStudioVersion = 16.0.30611.23
MinimumVisualStudioVersion = 10.0.40219.1
Project("{FAE04EC0-301F-11D3-BF4B-00C04F79EFBC}") = "dotNet_02_9444_0180", "dotNet_02_9444_0180\dotNet_02_9444_0180.csproj", "{1D381BBD-725F-4520-AB0E-990AB4A588D2}"
EndProject
Project("{FAE04EC0-301F-11D3-BF4B-00C04F79EFBC}") = "dotNET_03A_9444_0180", "dotNET_03A_9444_0180\dotNET_03A_9444_0180.csproj", "{B2178BEE-7FCA-41D6-BB12-5B7CEE6889A7}"
EndProject
Project("{FAE04EC0-301F-11D3-BF4B-00C04F79EFBC}") = "dotnet_03b_9444_0180", "dotnet_03b_9444_0180\dotnet_03b_9444_0180.csproj", "{8A14259D-D99D-46B4-8B1E-879019BE4015}"
EndProject
Project("{FAE04EC0-301F-11D3-BF4B-00C04F79EFBC}") = "dotNet_01_9444_0180", "dotNET5781_9444_0180\dotNet_01_9444_0180\dotNet_01_9444_0180.csproj", "{48574C30-A753-4B16-A1CD-FAEF6F78AEBD}"
EndProject
Project("{FAE04EC0-301F-11D3-BF4B-00C04F79EFBC}") = "BL", "BL\BL.csproj", "{4A36138D-23DD-4416-9074-67EA57BCAEF4}"
EndProject
Project("{FAE04EC0-301F-11D3-BF4B-00C04F79EFBC}") = "DalApi", "DalApi\DalApi.csproj", "{241F3EED-8B42-411D-9562-B81B9EEF0490}"
EndProject
Project("{FAE04EC0-301F-11D3-BF4B-00C04F79EFBC}") = "DS", "DS\DS.csproj", "{6F7D0CEC-92FB-48D2-85F7-44CC994742DE}"
EndProject
Project("{2150E333-8FDC-42A3-9474-1A3956D46DE8}") = "Solution Items", "Solution Items", "{BD0C5071-7852-44A8-B722-794F111BB913}"
	ProjectSection(SolutionItems) = preProject
		AdjacentStationsXML.xml = AdjacentStationsXML.xml
		Config.xml = Config.xml
		StationXML.xml = StationXML.xml
	EndProjectSection
EndProject
Project("{FAE04EC0-301F-11D3-BF4B-00C04F79EFBC}") = "PlGui", "PlGui\PlGui.csproj", "{ACD13D1C-DC5A-49FF-BFC2-C7C37103C118}"
EndProject
Project("{FAE04EC0-301F-11D3-BF4B-00C04F79EFBC}") = "DLObject", "DLObject\DLObject.csproj", "{3FAC2BC1-3327-491A-A077-8F81CD3FD114}"
EndProject
Project("{FAE04EC0-301F-11D3-BF4B-00C04F79EFBC}") = "DLXML", "DLXML\DLXML.csproj", "{ED2F03A2-9C13-4CF5-AC24-030764749D6C}"
EndProject
Global
	GlobalSection(SolutionConfigurationPlatforms) = preSolution
		Debug|Any CPU = Debug|Any CPU
		Release|Any CPU = Release|Any CPU
	EndGlobalSection
	GlobalSection(ProjectConfigurationPlatforms) = postSolution
		{1D381BBD-725F-4520-AB0E-990AB4A588D2}.Debug|Any CPU.ActiveCfg = Debug|Any CPU
		{1D381BBD-725F-4520-AB0E-990AB4A588D2}.Debug|Any CPU.Build.0 = Debug|Any CPU
		{1D381BBD-725F-4520-AB0E-990AB4A588D2}.Release|Any CPU.ActiveCfg = Release|Any CPU
		{1D381BBD-725F-4520-AB0E-990AB4A588D2}.Release|Any CPU.Build.0 = Release|Any CPU
		{B2178BEE-7FCA-41D6-BB12-5B7CEE6889A7}.Debug|Any CPU.ActiveCfg = Debug|Any CPU
		{B2178BEE-7FCA-41D6-BB12-5B7CEE6889A7}.Debug|Any CPU.Build.0 = Debug|Any CPU
		{B2178BEE-7FCA-41D6-BB12-5B7CEE6889A7}.Release|Any CPU.ActiveCfg = Release|Any CPU
		{B2178BEE-7FCA-41D6-BB12-5B7CEE6889A7}.Release|Any CPU.Build.0 = Release|Any CPU
		{8A14259D-D99D-46B4-8B1E-879019BE4015}.Debug|Any CPU.ActiveCfg = Debug|Any CPU
		{8A14259D-D99D-46B4-8B1E-879019BE4015}.Debug|Any CPU.Build.0 = Debug|Any CPU
		{8A14259D-D99D-46B4-8B1E-879019BE4015}.Release|Any CPU.ActiveCfg = Release|Any CPU
		{8A14259D-D99D-46B4-8B1E-879019BE4015}.Release|Any CPU.Build.0 = Release|Any CPU
		{48574C30-A753-4B16-A1CD-FAEF6F78AEBD}.Debug|Any CPU.ActiveCfg = Debug|Any CPU
		{48574C30-A753-4B16-A1CD-FAEF6F78AEBD}.Debug|Any CPU.Build.0 = Debug|Any CPU
		{48574C30-A753-4B16-A1CD-FAEF6F78AEBD}.Release|Any CPU.ActiveCfg = Release|Any CPU
		{48574C30-A753-4B16-A1CD-FAEF6F78AEBD}.Release|Any CPU.Build.0 = Release|Any CPU
		{4A36138D-23DD-4416-9074-67EA57BCAEF4}.Debug|Any CPU.ActiveCfg = Debug|Any CPU
		{4A36138D-23DD-4416-9074-67EA57BCAEF4}.Debug|Any CPU.Build.0 = Debug|Any CPU
		{4A36138D-23DD-4416-9074-67EA57BCAEF4}.Release|Any CPU.ActiveCfg = Release|Any CPU
		{4A36138D-23DD-4416-9074-67EA57BCAEF4}.Release|Any CPU.Build.0 = Release|Any CPU
		{241F3EED-8B42-411D-9562-B81B9EEF0490}.Debug|Any CPU.ActiveCfg = Debug|Any CPU
		{241F3EED-8B42-411D-9562-B81B9EEF0490}.Debug|Any CPU.Build.0 = Debug|Any CPU
		{241F3EED-8B42-411D-9562-B81B9EEF0490}.Release|Any CPU.ActiveCfg = Release|Any CPU
		{241F3EED-8B42-411D-9562-B81B9EEF0490}.Release|Any CPU.Build.0 = Release|Any CPU
		{6F7D0CEC-92FB-48D2-85F7-44CC994742DE}.Debug|Any CPU.ActiveCfg = Debug|Any CPU
		{6F7D0CEC-92FB-48D2-85F7-44CC994742DE}.Debug|Any CPU.Build.0 = Debug|Any CPU
		{6F7D0CEC-92FB-48D2-85F7-44CC994742DE}.Release|Any CPU.ActiveCfg = Release|Any CPU
		{6F7D0CEC-92FB-48D2-85F7-44CC994742DE}.Release|Any CPU.Build.0 = Release|Any CPU
		{ACD13D1C-DC5A-49FF-BFC2-C7C37103C118}.Debug|Any CPU.ActiveCfg = Debug|Any CPU
		{ACD13D1C-DC5A-49FF-BFC2-C7C37103C118}.Debug|Any CPU.Build.0 = Debug|Any CPU
		{ACD13D1C-DC5A-49FF-BFC2-C7C37103C118}.Release|Any CPU.ActiveCfg = Release|Any CPU
		{ACD13D1C-DC5A-49FF-BFC2-C7C37103C118}.Release|Any CPU.Build.0 = Release|Any CPU
		{3FAC2BC1-3327-491A-A077-8F81CD3FD114}.Debug|Any CPU.ActiveCfg = Debug|Any CPU
		{3FAC2BC1-3327-491A-A077-8F81CD3FD114}.Debug|Any CPU.Build.0 = Debug|Any CPU
		{3FAC2BC1-3327-491A-A077-8F81CD3FD114}.Release|Any CPU.ActiveCfg = Release|Any CPU
		{3FAC2BC1-3327-491A-A077-8F81CD3FD114}.Release|Any CPU.Build.0 = Release|Any CPU
		{ED2F03A2-9C13-4CF5-AC24-030764749D6C}.Debug|Any CPU.ActiveCfg = Debug|Any CPU
		{ED2F03A2-9C13-4CF5-AC24-030764749D6C}.Debug|Any CPU.Build.0 = Debug|Any CPU
		{ED2F03A2-9C13-4CF5-AC24-030764749D6C}.Release|Any CPU.ActiveCfg = Release|Any CPU
		{ED2F03A2-9C13-4CF5-AC24-030764749D6C}.Release|Any CPU.Build.0 = Release|Any CPU
	EndGlobalSection
	GlobalSection(SolutionProperties) = preSolution
		HideSolutionNode = FALSE
	EndGlobalSection
	GlobalSection(ExtensibilityGlobals) = postSolution
		SolutionGuid = {C5A5C7D9-0A3D-4962-A136-618D6CCFB4B6}
	EndGlobalSection
EndGlobal
