
Microsoft Visual Studio Solution File, Format Version 12.00
# Visual Studio Version 16
VisualStudioVersion = 16.0.30611.23
MinimumVisualStudioVersion = 10.0.40219.1
Project("{FAE04EC0-301F-11D3-BF4B-00C04F79EFBC}") = "dotNet_02_9444_0180", "dotNet_02_9444_0180\dotNet_02_9444_0180.csproj", "{1D381BBD-725F-4520-AB0E-990AB4A588D2}"
EndProject
Project("{FAE04EC0-301F-11D3-BF4B-00C04F79EFBC}") = "dotNET_03A_9444_0180", "dotNET_03A_9444_0180\dotNET_03A_9444_0180.csproj", "{B2178BEE-7FCA-41D6-BB12-5B7CEE6889A7}"
EndProject
Project("{FAE04EC0-301F-11D3-BF4B-00C04F79EFBC}") = "dotnet_03b_9444_0180", "dotnet_03b_9444_0180\dotnet_03b_9444_0180.csproj", "{8A14259D-D99D-46B4-8B1E-879019BE4015}"
EndProject
Project("{FAE04EC0-301F-11D3-BF4B-00C04F79EFBC}") = "dotNet_01_9444_0180", "dotNET5781_9444_0180\dotNet_01_9444_0180\dotNet_01_9444_0180.csproj", "{48574C30-A753-4B16-A1CD-FAEF6F78AEBD}"
EndProject
Project("{FAE04EC0-301F-11D3-BF4B-00C04F79EFBC}") = "BL", "BL\BL.csproj", "{4A36138D-23DD-4416-9074-67EA57BCAEF4}"
EndProject
Project("{FAE04EC0-301F-11D3-BF4B-00C04F79EFBC}") = "DalObject", "DalObject\DalObject.csproj", "{BC30C132-01CC-4C9B-AB64-AE43B0BB2BF2}"
EndProject
Project("{FAE04EC0-301F-11D3-BF4B-00C04F79EFBC}") = "DalApi", "DalApi\DalApi.csproj", "{241F3EED-8B42-411D-9562-B81B9EEF0490}"
EndProject
Project("{FAE04EC0-301F-11D3-BF4B-00C04F79EFBC}") = "DS", "DS\DS.csproj", "{6F7D0CEC-92FB-48D2-85F7-44CC994742DE}"
EndProject
Project("{FAE04EC0-301F-11D3-BF4B-00C04F79EFBC}") = "PlGui", "PlGui\PlGui.csproj", "{EA1B029A-1A33-45FD-AEE5-FE4D82E85089}"
EndProject
Project("{2150E333-8FDC-42A3-9474-1A3956D46DE8}") = "Solution Items", "Solution Items", "{BD0C5071-7852-44A8-B722-794F111BB913}"
	ProjectSection(SolutionItems) = preProject
		Config.xml = Config.xml
	EndProjectSection
EndProject
Global
	GlobalSection(SolutionConfigurationPlatforms) = preSolution
		Debug|Any CPU = Debug|Any CPU
		Release|Any CPU = Release|Any CPU
	EndGlobalSection
	GlobalSection(ProjectConfigurationPlatforms) = postSolution
		{1D381BBD-725F-4520-AB0E-990AB4A588D2}.Debug|Any CPU.ActiveCfg = Debug|Any CPU
		{1D381BBD-725F-4520-AB0E-990AB4A588D2}.Debug|Any CPU.Build.0 = Debug|Any CPU
		{1D381BBD-725F-4520-AB0E-990AB4A588D2}.Release|Any CPU.ActiveCfg = Release|Any CPU
		{1D381BBD-725F-4520-AB0E-990AB4A588D2}.Release|Any CPU.Build.0 = Release|Any CPU
		{B2178BEE-7FCA-41D6-BB12-5B7CEE6889A7}.Debug|Any CPU.ActiveCfg = Debug|Any CPU
		{B2178BEE-7FCA-41D6-BB12-5B7CEE6889A7}.Debug|Any CPU.Build.0 = Debug|Any CPU
		{B2178BEE-7FCA-41D6-BB12-5B7CEE6889A7}.Release|Any CPU.ActiveCfg = Release|Any CPU
		{B2178BEE-7FCA-41D6-BB12-5B7CEE6889A7}.Release|Any CPU.Build.0 = Release|Any CPU
		{8A14259D-D99D-46B4-8B1E-879019BE4015}.Debug|Any CPU.ActiveCfg = Debug|Any CPU
		{8A14259D-D99D-46B4-8B1E-879019BE4015}.Debug|Any CPU.Build.0 = Debug|Any CPU
		{8A14259D-D99D-46B4-8B1E-879019BE4015}.Release|Any CPU.ActiveCfg = Release|Any CPU
		{8A14259D-D99D-46B4-8B1E-879019BE4015}.Release|Any CPU.Build.0 = Release|Any CPU
		{48574C30-A753-4B16-A1CD-FAEF6F78AEBD}.Debug|Any CPU.ActiveCfg = Debug|Any CPU
		{48574C30-A753-4B16-A1CD-FAEF6F78AEBD}.Debug|Any CPU.Build.0 = Debug|Any CPU
		{48574C30-A753-4B16-A1CD-FAEF6F78AEBD}.Release|Any CPU.ActiveCfg = Release|Any CPU
		{48574C30-A753-4B16-A1CD-FAEF6F78AEBD}.Release|Any CPU.Build.0 = Release|Any CPU
		{4A36138D-23DD-4416-9074-67EA57BCAEF4}.Debug|Any CPU.ActiveCfg = Debug|Any CPU
		{4A36138D-23DD-4416-9074-67EA57BCAEF4}.Debug|Any CPU.Build.0 = Debug|Any CPU
		{4A36138D-23DD-4416-9074-67EA57BCAEF4}.Release|Any CPU.ActiveCfg = Release|Any CPU
		{4A36138D-23DD-4416-9074-67EA57BCAEF4}.Release|Any CPU.Build.0 = Release|Any CPU
		{BC30C132-01CC-4C9B-AB64-AE43B0BB2BF2}.Debug|Any CPU.ActiveCfg = Debug|Any CPU
		{BC30C132-01CC-4C9B-AB64-AE43B0BB2BF2}.Debug|Any CPU.Build.0 = Debug|Any CPU
		{BC30C132-01CC-4C9B-AB64-AE43B0BB2BF2}.Release|Any CPU.ActiveCfg = Release|Any CPU
		{BC30C132-01CC-4C9B-AB64-AE43B0BB2BF2}.Release|Any CPU.Build.0 = Release|Any CPU
		{241F3EED-8B42-411D-9562-B81B9EEF0490}.Debug|Any CPU.ActiveCfg = Debug|Any CPU
		{241F3EED-8B42-411D-9562-B81B9EEF0490}.Debug|Any CPU.Build.0 = Debug|Any CPU
		{241F3EED-8B42-411D-9562-B81B9EEF0490}.Release|Any CPU.ActiveCfg = Release|Any CPU
		{241F3EED-8B42-411D-9562-B81B9EEF0490}.Release|Any CPU.Build.0 = Release|Any CPU
		{6F7D0CEC-92FB-48D2-85F7-44CC994742DE}.Debug|Any CPU.ActiveCfg = Debug|Any CPU
		{6F7D0CEC-92FB-48D2-85F7-44CC994742DE}.Debug|Any CPU.Build.0 = Debug|Any CPU
		{6F7D0CEC-92FB-48D2-85F7-44CC994742DE}.Release|Any CPU.ActiveCfg = Release|Any CPU
		{6F7D0CEC-92FB-48D2-85F7-44CC994742DE}.Release|Any CPU.Build.0 = Release|Any CPU
		{EA1B029A-1A33-45FD-AEE5-FE4D82E85089}.Debug|Any CPU.ActiveCfg = Debug|Any CPU
		{EA1B029A-1A33-45FD-AEE5-FE4D82E85089}.Debug|Any CPU.Build.0 = Debug|Any CPU
		{EA1B029A-1A33-45FD-AEE5-FE4D82E85089}.Release|Any CPU.ActiveCfg = Release|Any CPU
		{EA1B029A-1A33-45FD-AEE5-FE4D82E85089}.Release|Any CPU.Build.0 = Release|Any CPU
	EndGlobalSection
	GlobalSection(SolutionProperties) = preSolution
		HideSolutionNode = FALSE
	EndGlobalSection
	GlobalSection(ExtensibilityGlobals) = postSolution
		SolutionGuid = {C5A5C7D9-0A3D-4962-A136-618D6CCFB4B6}
	EndGlobalSection
EndGlobal
