
Microsoft Visual Studio Solution File, Format Version 12.00
# Visual Studio Version 16
VisualStudioVersion = 16.0.30611.23
MinimumVisualStudioVersion = 10.0.40219.1
Project("{FAE04EC0-301F-11D3-BF4B-00C04F79EFBC}") = "dotNet_02_9444_0180", "dotNet_02_9444_0180\dotNet_02_9444_0180.csproj", "{1D381BBD-725F-4520-AB0E-990AB4A588D2}"
EndProject
Global
	GlobalSection(SolutionConfigurationPlatforms) = preSolution
		Debug|Any CPU = Debug|Any CPU
		Release|Any CPU = Release|Any CPU
	EndGlobalSection
	GlobalSection(ProjectConfigurationPlatforms) = postSolution
		{1D381BBD-725F-4520-AB0E-990AB4A588D2}.Debug|Any CPU.ActiveCfg = Debug|Any CPU
		{1D381BBD-725F-4520-AB0E-990AB4A588D2}.Debug|Any CPU.Build.0 = Debug|Any CPU
		{1D381BBD-725F-4520-AB0E-990AB4A588D2}.Release|Any CPU.ActiveCfg = Release|Any CPU
		{1D381BBD-725F-4520-AB0E-990AB4A588D2}.Release|Any CPU.Build.0 = Release|Any CPU
	EndGlobalSection
	GlobalSection(SolutionProperties) = preSolution
		HideSolutionNode = FALSE
	EndGlobalSection
	GlobalSection(ExtensibilityGlobals) = postSolution
		SolutionGuid = {C5A5C7D9-0A3D-4962-A136-618D6CCFB4B6}
	EndGlobalSection
EndGlobal
