
Microsoft Visual Studio Solution File, Format Version 12.00
# Visual Studio Version 16
VisualStudioVersion = 16.0.30611.23
MinimumVisualStudioVersion = 10.0.40219.1
Project("{FAE04EC0-301F-11D3-BF4B-00C04F79EFBC}") = "dotNet_01_9444_0180", "dotNet_01_9444_0180\dotNet_01_9444_0180.csproj", "{48574C30-A753-4B16-A1CD-FAEF6F78AEBD}"
EndProject
Global
	GlobalSection(SolutionConfigurationPlatforms) = preSolution
		Debug|Any CPU = Debug|Any CPU
		Release|Any CPU = Release|Any CPU
	EndGlobalSection
	GlobalSection(ProjectConfigurationPlatforms) = postSolution
		{48574C30-A753-4B16-A1CD-FAEF6F78AEBD}.Debug|Any CPU.ActiveCfg = Debug|Any CPU
		{48574C30-A753-4B16-A1CD-FAEF6F78AEBD}.Debug|Any CPU.Build.0 = Debug|Any CPU
		{48574C30-A753-4B16-A1CD-FAEF6F78AEBD}.Release|Any CPU.ActiveCfg = Release|Any CPU
		{48574C30-A753-4B16-A1CD-FAEF6F78AEBD}.Release|Any CPU.Build.0 = Release|Any CPU
	EndGlobalSection
	GlobalSection(SolutionProperties) = preSolution
		HideSolutionNode = FALSE
	EndGlobalSection
	GlobalSection(ExtensibilityGlobals) = postSolution
		SolutionGuid = {4BC687DB-22E9-44AD-823D-B8452253FCDF}
	EndGlobalSection
EndGlobal
